
Microsoft Visual Studio Solution File, Format Version 12.00
# Visual Studio Version 17
VisualStudioVersion = 17.4.33205.214
MinimumVisualStudioVersion = 10.0.40219.1
Project("{9A19103F-16F7-4668-BE54-9A1E7A4F7556}") = "BasicDemo", "BasicDemo\BasicDemo.csproj", "{51A4A180-159B-440F-870C-28ABDA39748F}"
EndProject
Project("{9A19103F-16F7-4668-BE54-9A1E7A4F7556}") = "NullableTypeDemo", "NullableTypeDemo\NullableTypeDemo.csproj", "{C5D7DD0D-D050-40DF-B362-409934BDE3CE}"
EndProject
Project("{9A19103F-16F7-4668-BE54-9A1E7A4F7556}") = "VariableDemo", "VariableDemo\VariableDemo.csproj", "{EAA71AC4-82B9-4C6F-A100-F596E8F912BC}"
EndProject
Project("{9A19103F-16F7-4668-BE54-9A1E7A4F7556}") = "AlgorithmsSample", "AlgorithmsSample\AlgorithmsSample.csproj", "{19191AD0-F063-4738-B019-1307453ABC53}"
EndProject
Project("{2150E333-8FDC-42A3-9474-1A3956D46DE8}") = "01-Basics", "01-Basics", "{5BEEC03A-9918-4ED4-B93D-4A7F23B75C1F}"
EndProject
Project("{2150E333-8FDC-42A3-9474-1A3956D46DE8}") = "02-Collections", "02-Collections", "{0465D4EB-E2B4-408E-AE84-0CE2E36CB56F}"
EndProject
Project("{9A19103F-16F7-4668-BE54-9A1E7A4F7556}") = "ArrayDemo", "ArrayDemo\ArrayDemo.csproj", "{EF91DC93-47B2-49D3-9A5C-41D70FC58CA0}"
EndProject
Project("{9A19103F-16F7-4668-BE54-9A1E7A4F7556}") = "CollectionObjectDemo", "CollectionsObjectDemo\CollectionObjectDemo.csproj", "{CDC5AA21-6153-49D0-A2C3-038E2A6020E2}"
EndProject
Project("{2150E333-8FDC-42A3-9474-1A3956D46DE8}") = "03-OOP", "03-OOP", "{120A2B2F-5AE9-4CCD-A96A-80C737A6B28A}"
EndProject
Project("{9A19103F-16F7-4668-BE54-9A1E7A4F7556}") = "ClassDemo", "ClassDemo\ClassDemo.csproj", "{E369FC53-17CE-4BC1-A990-C76A9E468E23}"
EndProject
Project("{9A19103F-16F7-4668-BE54-9A1E7A4F7556}") = "PropertyDemo", "PropertyDemo\PropertyDemo.csproj", "{D4D441C5-452C-4FD0-9DCC-50643D32B53A}"
EndProject
Project("{9A19103F-16F7-4668-BE54-9A1E7A4F7556}") = "ModelDemo", "ModelDemo\ModelDemo.csproj", "{0C824906-E245-4BC2-ACE5-C50A3CB4C79C}"
EndProject
Project("{9A19103F-16F7-4668-BE54-9A1E7A4F7556}") = "IndexerDemo", "IndexerDemo\IndexerDemo.csproj", "{7369BD36-DC57-434B-A0C7-140F4EE715D8}"
EndProject
Project("{9A19103F-16F7-4668-BE54-9A1E7A4F7556}") = "CtorDemo", "CtorDemo\CtorDemo.csproj", "{C8493165-704C-4E4A-B16E-5B5D6ADDA53F}"
EndProject
Project("{9A19103F-16F7-4668-BE54-9A1E7A4F7556}") = "EnumDemo", "EnumDemo\EnumDemo.csproj", "{C23F3C74-E55A-405F-AB9C-F43BAD11BBC7}"
EndProject
Project("{9A19103F-16F7-4668-BE54-9A1E7A4F7556}") = "StaticDemo", "StaticDemo\StaticDemo.csproj", "{ABD95E85-3F5F-475D-9A0D-B730DAF3FBB6}"
EndProject
Project("{9A19103F-16F7-4668-BE54-9A1E7A4F7556}") = "AnonymousTypeDemo", "AnonymousTypeDemo\AnonymousTypeDemo.csproj", "{E5C76661-7D1B-49BB-A66E-7325F5132F5C}"
EndProject
Project("{2150E333-8FDC-42A3-9474-1A3956D46DE8}") = "04-OOP Principle", "04-OOP Principle", "{1395CEA9-254E-4A29-B974-95E554AD16EF}"
EndProject
Project("{9A19103F-16F7-4668-BE54-9A1E7A4F7556}") = "InheritanceDemo", "InheritanceDemo\InheritanceDemo.csproj", "{4799D1BB-738F-4248-AF2D-C1AD8F17BC7B}"
EndProject
Project("{9A19103F-16F7-4668-BE54-9A1E7A4F7556}") = "AccessModifiersDemo", "AccessModifiersDemo\AccessModifiersDemo.csproj", "{63E8BB32-3ABA-402B-9210-32204BEEDAFC}"
EndProject
Project("{9A19103F-16F7-4668-BE54-9A1E7A4F7556}") = "AccessModifiersSample", "AccessModifiersSample\AccessModifiersSample.csproj", "{6A9E627F-47B3-4306-9C83-3F537578061E}"
EndProject
Project("{9A19103F-16F7-4668-BE54-9A1E7A4F7556}") = "PolymorphismDemo", "PolymorphismDemo\PolymorphismDemo.csproj", "{F764DA75-0C85-41F7-912F-69F5762D8B59}"
EndProject
Project("{FAE04EC0-301F-11D3-BF4B-00C04F79EFBC}") = "InterfaceFrameworkDemo", "InterfaceFrameworkDemo\InterfaceFrameworkDemo.csproj", "{2D79606A-6D07-4E7E-9879-05DDE4C32417}"
EndProject
Project("{9A19103F-16F7-4668-BE54-9A1E7A4F7556}") = "InterfaceDemo", "InterfaceDemo\InterfaceDemo.csproj", "{C184B324-6F3C-49C4-A418-64006F8CB276}"
EndProject
Project("{9A19103F-16F7-4668-BE54-9A1E7A4F7556}") = "AbstractClassDemo", "AbstractClassDemo\AbstractClassDemo.csproj", "{623977CC-2DBB-4834-8E30-59E061D86C25}"
EndProject
Project("{9A19103F-16F7-4668-BE54-9A1E7A4F7556}") = "ExtensionMethodDemo", "ExtensionMethodDemo\ExtensionMethodDemo.csproj", "{E2E47581-A584-467E-86D1-6C1D03A58BB2}"
EndProject
Project("{2150E333-8FDC-42A3-9474-1A3956D46DE8}") = "05-Advanced", "05-Advanced", "{184E3BC2-22F0-455A-800C-1260D48EEA00}"
EndProject
Project("{9A19103F-16F7-4668-BE54-9A1E7A4F7556}") = "MsbCore", "MsbCore\MsbCore.csproj", "{68BE7F16-0221-465A-BD25-6676707E0BAC}"
EndProject
Project("{9A19103F-16F7-4668-BE54-9A1E7A4F7556}") = "GenericDemo", "GenericDemo\GenericDemo.csproj", "{2352109F-1685-45AE-A1D7-575FD04CDE11}"
EndProject
Project("{9A19103F-16F7-4668-BE54-9A1E7A4F7556}") = "ExceptionHandlingDemo", "ExceptionHandlingDemo\ExceptionHandlingDemo.csproj", "{7E91F484-D38D-4AEB-B3E5-CE7A47E20D8E}"
EndProject
Project("{FAE04EC0-301F-11D3-BF4B-00C04F79EFBC}") = "DelegateDemo", "DelegateDemo\DelegateDemo.csproj", "{B3DA63F5-190B-44F3-872F-C16018812D09}"
EndProject
Project("{FAE04EC0-301F-11D3-BF4B-00C04F79EFBC}") = "DelegateSample", "DelegateSample\DelegateSample.csproj", "{F9C6AE1F-15CF-449C-BA27-D1567BC63E0F}"
EndProject
Project("{FAE04EC0-301F-11D3-BF4B-00C04F79EFBC}") = "DelegateSample2", "DelegateSample2\DelegateSample2.csproj", "{8407C263-456B-4F44-9040-BC7CE3658334}"
EndProject
Global
	GlobalSection(SolutionConfigurationPlatforms) = preSolution
		Debug|Any CPU = Debug|Any CPU
		Release|Any CPU = Release|Any CPU
	EndGlobalSection
	GlobalSection(ProjectConfigurationPlatforms) = postSolution
		{51A4A180-159B-440F-870C-28ABDA39748F}.Debug|Any CPU.ActiveCfg = Debug|Any CPU
		{51A4A180-159B-440F-870C-28ABDA39748F}.Debug|Any CPU.Build.0 = Debug|Any CPU
		{51A4A180-159B-440F-870C-28ABDA39748F}.Release|Any CPU.ActiveCfg = Release|Any CPU
		{51A4A180-159B-440F-870C-28ABDA39748F}.Release|Any CPU.Build.0 = Release|Any CPU
		{C5D7DD0D-D050-40DF-B362-409934BDE3CE}.Debug|Any CPU.ActiveCfg = Debug|Any CPU
		{C5D7DD0D-D050-40DF-B362-409934BDE3CE}.Debug|Any CPU.Build.0 = Debug|Any CPU
		{C5D7DD0D-D050-40DF-B362-409934BDE3CE}.Release|Any CPU.ActiveCfg = Release|Any CPU
		{C5D7DD0D-D050-40DF-B362-409934BDE3CE}.Release|Any CPU.Build.0 = Release|Any CPU
		{EAA71AC4-82B9-4C6F-A100-F596E8F912BC}.Debug|Any CPU.ActiveCfg = Debug|Any CPU
		{EAA71AC4-82B9-4C6F-A100-F596E8F912BC}.Debug|Any CPU.Build.0 = Debug|Any CPU
		{EAA71AC4-82B9-4C6F-A100-F596E8F912BC}.Release|Any CPU.ActiveCfg = Release|Any CPU
		{EAA71AC4-82B9-4C6F-A100-F596E8F912BC}.Release|Any CPU.Build.0 = Release|Any CPU
		{19191AD0-F063-4738-B019-1307453ABC53}.Debug|Any CPU.ActiveCfg = Debug|Any CPU
		{19191AD0-F063-4738-B019-1307453ABC53}.Debug|Any CPU.Build.0 = Debug|Any CPU
		{19191AD0-F063-4738-B019-1307453ABC53}.Release|Any CPU.ActiveCfg = Release|Any CPU
		{19191AD0-F063-4738-B019-1307453ABC53}.Release|Any CPU.Build.0 = Release|Any CPU
		{EF91DC93-47B2-49D3-9A5C-41D70FC58CA0}.Debug|Any CPU.ActiveCfg = Debug|Any CPU
		{EF91DC93-47B2-49D3-9A5C-41D70FC58CA0}.Debug|Any CPU.Build.0 = Debug|Any CPU
		{EF91DC93-47B2-49D3-9A5C-41D70FC58CA0}.Release|Any CPU.ActiveCfg = Release|Any CPU
		{EF91DC93-47B2-49D3-9A5C-41D70FC58CA0}.Release|Any CPU.Build.0 = Release|Any CPU
		{CDC5AA21-6153-49D0-A2C3-038E2A6020E2}.Debug|Any CPU.ActiveCfg = Debug|Any CPU
		{CDC5AA21-6153-49D0-A2C3-038E2A6020E2}.Debug|Any CPU.Build.0 = Debug|Any CPU
		{CDC5AA21-6153-49D0-A2C3-038E2A6020E2}.Release|Any CPU.ActiveCfg = Release|Any CPU
		{CDC5AA21-6153-49D0-A2C3-038E2A6020E2}.Release|Any CPU.Build.0 = Release|Any CPU
		{E369FC53-17CE-4BC1-A990-C76A9E468E23}.Debug|Any CPU.ActiveCfg = Debug|Any CPU
		{E369FC53-17CE-4BC1-A990-C76A9E468E23}.Debug|Any CPU.Build.0 = Debug|Any CPU
		{E369FC53-17CE-4BC1-A990-C76A9E468E23}.Release|Any CPU.ActiveCfg = Release|Any CPU
		{E369FC53-17CE-4BC1-A990-C76A9E468E23}.Release|Any CPU.Build.0 = Release|Any CPU
		{D4D441C5-452C-4FD0-9DCC-50643D32B53A}.Debug|Any CPU.ActiveCfg = Debug|Any CPU
		{D4D441C5-452C-4FD0-9DCC-50643D32B53A}.Debug|Any CPU.Build.0 = Debug|Any CPU
		{D4D441C5-452C-4FD0-9DCC-50643D32B53A}.Release|Any CPU.ActiveCfg = Release|Any CPU
		{D4D441C5-452C-4FD0-9DCC-50643D32B53A}.Release|Any CPU.Build.0 = Release|Any CPU
		{0C824906-E245-4BC2-ACE5-C50A3CB4C79C}.Debug|Any CPU.ActiveCfg = Debug|Any CPU
		{0C824906-E245-4BC2-ACE5-C50A3CB4C79C}.Debug|Any CPU.Build.0 = Debug|Any CPU
		{0C824906-E245-4BC2-ACE5-C50A3CB4C79C}.Release|Any CPU.ActiveCfg = Release|Any CPU
		{0C824906-E245-4BC2-ACE5-C50A3CB4C79C}.Release|Any CPU.Build.0 = Release|Any CPU
		{7369BD36-DC57-434B-A0C7-140F4EE715D8}.Debug|Any CPU.ActiveCfg = Debug|Any CPU
		{7369BD36-DC57-434B-A0C7-140F4EE715D8}.Debug|Any CPU.Build.0 = Debug|Any CPU
		{7369BD36-DC57-434B-A0C7-140F4EE715D8}.Release|Any CPU.ActiveCfg = Release|Any CPU
		{7369BD36-DC57-434B-A0C7-140F4EE715D8}.Release|Any CPU.Build.0 = Release|Any CPU
		{C8493165-704C-4E4A-B16E-5B5D6ADDA53F}.Debug|Any CPU.ActiveCfg = Debug|Any CPU
		{C8493165-704C-4E4A-B16E-5B5D6ADDA53F}.Debug|Any CPU.Build.0 = Debug|Any CPU
		{C8493165-704C-4E4A-B16E-5B5D6ADDA53F}.Release|Any CPU.ActiveCfg = Release|Any CPU
		{C8493165-704C-4E4A-B16E-5B5D6ADDA53F}.Release|Any CPU.Build.0 = Release|Any CPU
		{C23F3C74-E55A-405F-AB9C-F43BAD11BBC7}.Debug|Any CPU.ActiveCfg = Debug|Any CPU
		{C23F3C74-E55A-405F-AB9C-F43BAD11BBC7}.Debug|Any CPU.Build.0 = Debug|Any CPU
		{C23F3C74-E55A-405F-AB9C-F43BAD11BBC7}.Release|Any CPU.ActiveCfg = Release|Any CPU
		{C23F3C74-E55A-405F-AB9C-F43BAD11BBC7}.Release|Any CPU.Build.0 = Release|Any CPU
		{ABD95E85-3F5F-475D-9A0D-B730DAF3FBB6}.Debug|Any CPU.ActiveCfg = Debug|Any CPU
		{ABD95E85-3F5F-475D-9A0D-B730DAF3FBB6}.Debug|Any CPU.Build.0 = Debug|Any CPU
		{ABD95E85-3F5F-475D-9A0D-B730DAF3FBB6}.Release|Any CPU.ActiveCfg = Release|Any CPU
		{ABD95E85-3F5F-475D-9A0D-B730DAF3FBB6}.Release|Any CPU.Build.0 = Release|Any CPU
		{E5C76661-7D1B-49BB-A66E-7325F5132F5C}.Debug|Any CPU.ActiveCfg = Debug|Any CPU
		{E5C76661-7D1B-49BB-A66E-7325F5132F5C}.Debug|Any CPU.Build.0 = Debug|Any CPU
		{E5C76661-7D1B-49BB-A66E-7325F5132F5C}.Release|Any CPU.ActiveCfg = Release|Any CPU
		{E5C76661-7D1B-49BB-A66E-7325F5132F5C}.Release|Any CPU.Build.0 = Release|Any CPU
		{4799D1BB-738F-4248-AF2D-C1AD8F17BC7B}.Debug|Any CPU.ActiveCfg = Debug|Any CPU
		{4799D1BB-738F-4248-AF2D-C1AD8F17BC7B}.Debug|Any CPU.Build.0 = Debug|Any CPU
		{4799D1BB-738F-4248-AF2D-C1AD8F17BC7B}.Release|Any CPU.ActiveCfg = Release|Any CPU
		{4799D1BB-738F-4248-AF2D-C1AD8F17BC7B}.Release|Any CPU.Build.0 = Release|Any CPU
		{63E8BB32-3ABA-402B-9210-32204BEEDAFC}.Debug|Any CPU.ActiveCfg = Debug|Any CPU
		{63E8BB32-3ABA-402B-9210-32204BEEDAFC}.Debug|Any CPU.Build.0 = Debug|Any CPU
		{63E8BB32-3ABA-402B-9210-32204BEEDAFC}.Release|Any CPU.ActiveCfg = Release|Any CPU
		{63E8BB32-3ABA-402B-9210-32204BEEDAFC}.Release|Any CPU.Build.0 = Release|Any CPU
		{6A9E627F-47B3-4306-9C83-3F537578061E}.Debug|Any CPU.ActiveCfg = Debug|Any CPU
		{6A9E627F-47B3-4306-9C83-3F537578061E}.Debug|Any CPU.Build.0 = Debug|Any CPU
		{6A9E627F-47B3-4306-9C83-3F537578061E}.Release|Any CPU.ActiveCfg = Release|Any CPU
		{6A9E627F-47B3-4306-9C83-3F537578061E}.Release|Any CPU.Build.0 = Release|Any CPU
		{F764DA75-0C85-41F7-912F-69F5762D8B59}.Debug|Any CPU.ActiveCfg = Debug|Any CPU
		{F764DA75-0C85-41F7-912F-69F5762D8B59}.Debug|Any CPU.Build.0 = Debug|Any CPU
		{F764DA75-0C85-41F7-912F-69F5762D8B59}.Release|Any CPU.ActiveCfg = Release|Any CPU
		{F764DA75-0C85-41F7-912F-69F5762D8B59}.Release|Any CPU.Build.0 = Release|Any CPU
		{2D79606A-6D07-4E7E-9879-05DDE4C32417}.Debug|Any CPU.ActiveCfg = Debug|Any CPU
		{2D79606A-6D07-4E7E-9879-05DDE4C32417}.Debug|Any CPU.Build.0 = Debug|Any CPU
		{2D79606A-6D07-4E7E-9879-05DDE4C32417}.Release|Any CPU.ActiveCfg = Release|Any CPU
		{2D79606A-6D07-4E7E-9879-05DDE4C32417}.Release|Any CPU.Build.0 = Release|Any CPU
		{C184B324-6F3C-49C4-A418-64006F8CB276}.Debug|Any CPU.ActiveCfg = Debug|Any CPU
		{C184B324-6F3C-49C4-A418-64006F8CB276}.Debug|Any CPU.Build.0 = Debug|Any CPU
		{C184B324-6F3C-49C4-A418-64006F8CB276}.Release|Any CPU.ActiveCfg = Release|Any CPU
		{C184B324-6F3C-49C4-A418-64006F8CB276}.Release|Any CPU.Build.0 = Release|Any CPU
		{623977CC-2DBB-4834-8E30-59E061D86C25}.Debug|Any CPU.ActiveCfg = Debug|Any CPU
		{623977CC-2DBB-4834-8E30-59E061D86C25}.Debug|Any CPU.Build.0 = Debug|Any CPU
		{623977CC-2DBB-4834-8E30-59E061D86C25}.Release|Any CPU.ActiveCfg = Release|Any CPU
		{623977CC-2DBB-4834-8E30-59E061D86C25}.Release|Any CPU.Build.0 = Release|Any CPU
		{E2E47581-A584-467E-86D1-6C1D03A58BB2}.Debug|Any CPU.ActiveCfg = Debug|Any CPU
		{E2E47581-A584-467E-86D1-6C1D03A58BB2}.Debug|Any CPU.Build.0 = Debug|Any CPU
		{E2E47581-A584-467E-86D1-6C1D03A58BB2}.Release|Any CPU.ActiveCfg = Release|Any CPU
		{E2E47581-A584-467E-86D1-6C1D03A58BB2}.Release|Any CPU.Build.0 = Release|Any CPU
		{68BE7F16-0221-465A-BD25-6676707E0BAC}.Debug|Any CPU.ActiveCfg = Debug|Any CPU
		{68BE7F16-0221-465A-BD25-6676707E0BAC}.Debug|Any CPU.Build.0 = Debug|Any CPU
		{68BE7F16-0221-465A-BD25-6676707E0BAC}.Release|Any CPU.ActiveCfg = Release|Any CPU
		{68BE7F16-0221-465A-BD25-6676707E0BAC}.Release|Any CPU.Build.0 = Release|Any CPU
		{2352109F-1685-45AE-A1D7-575FD04CDE11}.Debug|Any CPU.ActiveCfg = Debug|Any CPU
		{2352109F-1685-45AE-A1D7-575FD04CDE11}.Debug|Any CPU.Build.0 = Debug|Any CPU
		{2352109F-1685-45AE-A1D7-575FD04CDE11}.Release|Any CPU.ActiveCfg = Release|Any CPU
		{2352109F-1685-45AE-A1D7-575FD04CDE11}.Release|Any CPU.Build.0 = Release|Any CPU
		{7E91F484-D38D-4AEB-B3E5-CE7A47E20D8E}.Debug|Any CPU.ActiveCfg = Debug|Any CPU
		{7E91F484-D38D-4AEB-B3E5-CE7A47E20D8E}.Debug|Any CPU.Build.0 = Debug|Any CPU
		{7E91F484-D38D-4AEB-B3E5-CE7A47E20D8E}.Release|Any CPU.ActiveCfg = Release|Any CPU
		{7E91F484-D38D-4AEB-B3E5-CE7A47E20D8E}.Release|Any CPU.Build.0 = Release|Any CPU
		{B3DA63F5-190B-44F3-872F-C16018812D09}.Debug|Any CPU.ActiveCfg = Debug|Any CPU
		{B3DA63F5-190B-44F3-872F-C16018812D09}.Debug|Any CPU.Build.0 = Debug|Any CPU
		{B3DA63F5-190B-44F3-872F-C16018812D09}.Release|Any CPU.ActiveCfg = Release|Any CPU
		{B3DA63F5-190B-44F3-872F-C16018812D09}.Release|Any CPU.Build.0 = Release|Any CPU
		{F9C6AE1F-15CF-449C-BA27-D1567BC63E0F}.Debug|Any CPU.ActiveCfg = Debug|Any CPU
		{F9C6AE1F-15CF-449C-BA27-D1567BC63E0F}.Debug|Any CPU.Build.0 = Debug|Any CPU
		{F9C6AE1F-15CF-449C-BA27-D1567BC63E0F}.Release|Any CPU.ActiveCfg = Release|Any CPU
		{F9C6AE1F-15CF-449C-BA27-D1567BC63E0F}.Release|Any CPU.Build.0 = Release|Any CPU
		{8407C263-456B-4F44-9040-BC7CE3658334}.Debug|Any CPU.ActiveCfg = Debug|Any CPU
		{8407C263-456B-4F44-9040-BC7CE3658334}.Debug|Any CPU.Build.0 = Debug|Any CPU
		{8407C263-456B-4F44-9040-BC7CE3658334}.Release|Any CPU.ActiveCfg = Release|Any CPU
		{8407C263-456B-4F44-9040-BC7CE3658334}.Release|Any CPU.Build.0 = Release|Any CPU
	EndGlobalSection
	GlobalSection(SolutionProperties) = preSolution
		HideSolutionNode = FALSE
	EndGlobalSection
	GlobalSection(NestedProjects) = preSolution
		{51A4A180-159B-440F-870C-28ABDA39748F} = {5BEEC03A-9918-4ED4-B93D-4A7F23B75C1F}
		{C5D7DD0D-D050-40DF-B362-409934BDE3CE} = {5BEEC03A-9918-4ED4-B93D-4A7F23B75C1F}
		{EAA71AC4-82B9-4C6F-A100-F596E8F912BC} = {5BEEC03A-9918-4ED4-B93D-4A7F23B75C1F}
		{19191AD0-F063-4738-B019-1307453ABC53} = {5BEEC03A-9918-4ED4-B93D-4A7F23B75C1F}
		{EF91DC93-47B2-49D3-9A5C-41D70FC58CA0} = {0465D4EB-E2B4-408E-AE84-0CE2E36CB56F}
		{CDC5AA21-6153-49D0-A2C3-038E2A6020E2} = {0465D4EB-E2B4-408E-AE84-0CE2E36CB56F}
		{E369FC53-17CE-4BC1-A990-C76A9E468E23} = {120A2B2F-5AE9-4CCD-A96A-80C737A6B28A}
		{D4D441C5-452C-4FD0-9DCC-50643D32B53A} = {120A2B2F-5AE9-4CCD-A96A-80C737A6B28A}
		{0C824906-E245-4BC2-ACE5-C50A3CB4C79C} = {120A2B2F-5AE9-4CCD-A96A-80C737A6B28A}
		{7369BD36-DC57-434B-A0C7-140F4EE715D8} = {120A2B2F-5AE9-4CCD-A96A-80C737A6B28A}
		{C8493165-704C-4E4A-B16E-5B5D6ADDA53F} = {120A2B2F-5AE9-4CCD-A96A-80C737A6B28A}
		{C23F3C74-E55A-405F-AB9C-F43BAD11BBC7} = {120A2B2F-5AE9-4CCD-A96A-80C737A6B28A}
		{ABD95E85-3F5F-475D-9A0D-B730DAF3FBB6} = {120A2B2F-5AE9-4CCD-A96A-80C737A6B28A}
		{E5C76661-7D1B-49BB-A66E-7325F5132F5C} = {120A2B2F-5AE9-4CCD-A96A-80C737A6B28A}
		{4799D1BB-738F-4248-AF2D-C1AD8F17BC7B} = {1395CEA9-254E-4A29-B974-95E554AD16EF}
		{63E8BB32-3ABA-402B-9210-32204BEEDAFC} = {1395CEA9-254E-4A29-B974-95E554AD16EF}
		{6A9E627F-47B3-4306-9C83-3F537578061E} = {1395CEA9-254E-4A29-B974-95E554AD16EF}
		{F764DA75-0C85-41F7-912F-69F5762D8B59} = {1395CEA9-254E-4A29-B974-95E554AD16EF}
		{2D79606A-6D07-4E7E-9879-05DDE4C32417} = {1395CEA9-254E-4A29-B974-95E554AD16EF}
		{C184B324-6F3C-49C4-A418-64006F8CB276} = {1395CEA9-254E-4A29-B974-95E554AD16EF}
		{623977CC-2DBB-4834-8E30-59E061D86C25} = {1395CEA9-254E-4A29-B974-95E554AD16EF}
		{E2E47581-A584-467E-86D1-6C1D03A58BB2} = {120A2B2F-5AE9-4CCD-A96A-80C737A6B28A}
		{68BE7F16-0221-465A-BD25-6676707E0BAC} = {184E3BC2-22F0-455A-800C-1260D48EEA00}
		{2352109F-1685-45AE-A1D7-575FD04CDE11} = {184E3BC2-22F0-455A-800C-1260D48EEA00}
		{7E91F484-D38D-4AEB-B3E5-CE7A47E20D8E} = {5BEEC03A-9918-4ED4-B93D-4A7F23B75C1F}
		{B3DA63F5-190B-44F3-872F-C16018812D09} = {184E3BC2-22F0-455A-800C-1260D48EEA00}
		{F9C6AE1F-15CF-449C-BA27-D1567BC63E0F} = {184E3BC2-22F0-455A-800C-1260D48EEA00}
		{8407C263-456B-4F44-9040-BC7CE3658334} = {184E3BC2-22F0-455A-800C-1260D48EEA00}
	EndGlobalSection
	GlobalSection(ExtensibilityGlobals) = postSolution
		SolutionGuid = {5F0950DC-2932-4D22-B815-C67D97E041D7}
	EndGlobalSection
EndGlobal
