
Microsoft Visual Studio Solution File, Format Version 12.00
# Visual Studio Version 17
VisualStudioVersion = 17.4.33205.214
MinimumVisualStudioVersion = 10.0.40219.1
Project("{FAE04EC0-301F-11D3-BF4B-00C04F79EFBC}") = "FirstApiDemo", "FirstApiDemo.csproj", "{4B51D1C9-A449-4802-BC78-FC73DFCD47ED}"
EndProject
Global
	GlobalSection(SolutionConfigurationPlatforms) = preSolution
		Debug|Any CPU = Debug|Any CPU
		Release|Any CPU = Release|Any CPU
	EndGlobalSection
	GlobalSection(ProjectConfigurationPlatforms) = postSolution
		{4B51D1C9-A449-4802-BC78-FC73DFCD47ED}.Debug|Any CPU.ActiveCfg = Debug|Any CPU
		{4B51D1C9-A449-4802-BC78-FC73DFCD47ED}.Debug|Any CPU.Build.0 = Debug|Any CPU
		{4B51D1C9-A449-4802-BC78-FC73DFCD47ED}.Release|Any CPU.ActiveCfg = Release|Any CPU
		{4B51D1C9-A449-4802-BC78-FC73DFCD47ED}.Release|Any CPU.Build.0 = Release|Any CPU
	EndGlobalSection
	GlobalSection(SolutionProperties) = preSolution
		HideSolutionNode = FALSE
	EndGlobalSection
	GlobalSection(ExtensibilityGlobals) = postSolution
		SolutionGuid = {CD5596FE-3C60-42A5-AC20-7567DCF07122}
	EndGlobalSection
EndGlobal
